{
  "pins" : [
    {
      "identity" : "swift-system",
      "kind" : "remoteSourceControl",
      "location" : "https://github.com/apple/swift-system",
      "state" : {
        "revision" : "025bcb1165deab2e20d4eaba79967ce73013f496",
        "version" : "1.2.1"
      }
    },
    {
      "identity" : "swiftcommand",
      "kind" : "remoteSourceControl",
      "location" : "https://github.com/Zollerboy1/SwiftCommand.git",
      "state" : {
        "revision" : "b4ea08c1db90532e62e1d2ea44d1c7b630b45350",
        "version" : "1.1.2"
      }
    }
  ],
  "version" : 2
}
