{
  "pins" : [
    {
      "identity" : "swift-system",
      "kind" : "remoteSourceControl",
      "location" : "https://github.com/apple/swift-system",
      "state" : {
        "revision" : "025bcb1165deab2e20d4eaba79967ce73013f496",
        "version" : "1.2.1"
      }
    },
    {
      "identity" : "swiftcommand",
      "kind" : "remoteSourceControl",
      "location" : "https://github.com/doozMen/SwiftCommand.git",
      "state" : {
        "branch" : "filehandle+async-public",
        "revision" : "c66ced196e37d653f5d7865d673bc8b26f7790a8"
      }
    }
  ],
  "version" : 2
}
